// !$*UTF8*$!
{
	archiveVersion = 1;
	classes = {
	};
	objectVersion = 51;
	objects = {

/* Begin PBXBuildFile section */
		0755A5C74355ED2E7D34BB94 /* HomeModuleInput.swift in Sources */ = {isa = PBXBuildFile; fileRef = 2559DAEB7FEF3C713CA61E24 /* HomeModuleInput.swift */; };
		153231A1A07B6E2BAD82E1FC /* HomeConfiguratorTests.swift in Sources */ = {isa = PBXBuildFile; fileRef = DB084CEFF87ECEC8FFF166AE /* HomeConfiguratorTests.swift */; };
		39C951C3981C1EC8768692A2 /* HomeViewOutput.swift in Sources */ = {isa = PBXBuildFile; fileRef = 1F4ECFC07BEEE8796070AC9C /* HomeViewOutput.swift */; };
		3DD69D853ACC3A73452B8241 /* HomeViewTests.swift in Sources */ = {isa = PBXBuildFile; fileRef = 501D490102880C42565A940F /* HomeViewTests.swift */; };
		42A41DD78F4428088193AC8F /* HomeConfigurator.swift in Sources */ = {isa = PBXBuildFile; fileRef = A68401CE486AD8C5AE74D96C /* HomeConfigurator.swift */; };
		598AEF46648A329D339E8831 /* HomeViewInput.swift in Sources */ = {isa = PBXBuildFile; fileRef = 876F4C31482C5E1411AABC28 /* HomeViewInput.swift */; };
		6F5C2124E459FDA9C72F3EC8 /* Pods_EasyNoti.framework in Frameworks */ = {isa = PBXBuildFile; fileRef = FCB998CB77A0C1808CF6D01A /* Pods_EasyNoti.framework */; };
		82CF0019283B524080C8F295 /* HomePresenter.swift in Sources */ = {isa = PBXBuildFile; fileRef = AD3EA6412157B4F451851624 /* HomePresenter.swift */; };
		90E270B5D8BE34A3B97F66E9 /* HomeInteractorOutput.swift in Sources */ = {isa = PBXBuildFile; fileRef = 1EF015C9E4D9EAA201B271A6 /* HomeInteractorOutput.swift */; };
		9CD090010FF3A9D7265DB994 /* HomeInteractorInput.swift in Sources */ = {isa = PBXBuildFile; fileRef = F852496133F6FE709129BC13 /* HomeInteractorInput.swift */; };
		9E967EB7DCE2557E221A0D7A /* HomeRouterInput.swift in Sources */ = {isa = PBXBuildFile; fileRef = ACDC44D9760EE822D3869E88 /* HomeRouterInput.swift */; };
		B1BB9A8F4EE15E6534576B63 /* HomeRouter.swift in Sources */ = {isa = PBXBuildFile; fileRef = 21A15580C6E79FC45F5665F4 /* HomeRouter.swift */; };
		BC9B3A53F5C207459F33EE44 /* HomeViewController.swift in Sources */ = {isa = PBXBuildFile; fileRef = B313EAE6291D258DF194471B /* HomeViewController.swift */; };
		BE9F5C1AE6C55844AC339657 /* HomeInitializer.swift in Sources */ = {isa = PBXBuildFile; fileRef = 1AD920A51E0F564CA701DB40 /* HomeInitializer.swift */; };
		DA942183AB84A8E20D08903C /* HomePresenterTests.swift in Sources */ = {isa = PBXBuildFile; fileRef = C7A022594F09B6EE5BA9D19D /* HomePresenterTests.swift */; };
		E70E8068CB082C472FB3A56E /* HomeInteractor.swift in Sources */ = {isa = PBXBuildFile; fileRef = FA0A53F433E6A7850B72A62E /* HomeInteractor.swift */; };
		F31FBCA3756464A7F244FD8E /* HomeRouterTests.swift in Sources */ = {isa = PBXBuildFile; fileRef = 035EF1638A170308CD2A4FEC /* HomeRouterTests.swift */; };
		F56B7B6D24D0AB6D00C4F946 /* AppDelegate.swift in Sources */ = {isa = PBXBuildFile; fileRef = F56B7B6C24D0AB6D00C4F946 /* AppDelegate.swift */; };
		F56B7B6F24D0AB6D00C4F946 /* SceneDelegate.swift in Sources */ = {isa = PBXBuildFile; fileRef = F56B7B6E24D0AB6D00C4F946 /* SceneDelegate.swift */; };
		F56B7B7124D0AB6D00C4F946 /* ViewController.swift in Sources */ = {isa = PBXBuildFile; fileRef = F56B7B7024D0AB6D00C4F946 /* ViewController.swift */; };
		F56B7B7724D0AB6D00C4F946 /* EasyNoti.xcdatamodeld in Sources */ = {isa = PBXBuildFile; fileRef = F56B7B7524D0AB6D00C4F946 /* EasyNoti.xcdatamodeld */; };
		F56B7B7924D0AB7000C4F946 /* Assets.xcassets in Resources */ = {isa = PBXBuildFile; fileRef = F56B7B7824D0AB7000C4F946 /* Assets.xcassets */; };
		F56B7B7C24D0AB7000C4F946 /* LaunchScreen.storyboard in Resources */ = {isa = PBXBuildFile; fileRef = F56B7B7A24D0AB7000C4F946 /* LaunchScreen.storyboard */; };
		F56B7B8724D0AB7000C4F946 /* EasyNotiTests.swift in Sources */ = {isa = PBXBuildFile; fileRef = F56B7B8624D0AB7000C4F946 /* EasyNotiTests.swift */; };
		F56B7B9224D0AB7000C4F946 /* EasyNotiUITests.swift in Sources */ = {isa = PBXBuildFile; fileRef = F56B7B9124D0AB7000C4F946 /* EasyNotiUITests.swift */; };
		F583732724D37E2200C00A98 /* Home in Resources */ = {isa = PBXBuildFile; fileRef = F583732624D37E2200C00A98 /* Home */; };
		FD0C1062244075DBEF709E49 /* HomeInteractorTests.swift in Sources */ = {isa = PBXBuildFile; fileRef = 6DE4E6D0D1E2271D083A9E3B /* HomeInteractorTests.swift */; };
/* End PBXBuildFile section */

/* Begin PBXContainerItemProxy section */
		F56B7B8324D0AB7000C4F946 /* PBXContainerItemProxy */ = {
			isa = PBXContainerItemProxy;
			containerPortal = F56B7B6124D0AB6D00C4F946 /* Project object */;
			proxyType = 1;
			remoteGlobalIDString = F56B7B6824D0AB6D00C4F946;
			remoteInfo = EasyNoti;
		};
		F56B7B8E24D0AB7000C4F946 /* PBXContainerItemProxy */ = {
			isa = PBXContainerItemProxy;
			containerPortal = F56B7B6124D0AB6D00C4F946 /* Project object */;
			proxyType = 1;
			remoteGlobalIDString = F56B7B6824D0AB6D00C4F946;
			remoteInfo = EasyNoti;
		};
/* End PBXContainerItemProxy section */

/* Begin PBXFileReference section */
		035EF1638A170308CD2A4FEC /* HomeRouterTests.swift */ = {isa = PBXFileReference; includeInIndex = 1; lastKnownFileType = sourcecode.swift; path = HomeRouterTests.swift; sourceTree = "<group>"; };
		1AD920A51E0F564CA701DB40 /* HomeInitializer.swift */ = {isa = PBXFileReference; includeInIndex = 1; lastKnownFileType = sourcecode.swift; path = HomeInitializer.swift; sourceTree = "<group>"; };
		1EF015C9E4D9EAA201B271A6 /* HomeInteractorOutput.swift */ = {isa = PBXFileReference; includeInIndex = 1; lastKnownFileType = sourcecode.swift; path = HomeInteractorOutput.swift; sourceTree = "<group>"; };
		1F4ECFC07BEEE8796070AC9C /* HomeViewOutput.swift */ = {isa = PBXFileReference; includeInIndex = 1; lastKnownFileType = sourcecode.swift; path = HomeViewOutput.swift; sourceTree = "<group>"; };
		21A15580C6E79FC45F5665F4 /* HomeRouter.swift */ = {isa = PBXFileReference; includeInIndex = 1; lastKnownFileType = sourcecode.swift; path = HomeRouter.swift; sourceTree = "<group>"; };
		2559DAEB7FEF3C713CA61E24 /* HomeModuleInput.swift */ = {isa = PBXFileReference; includeInIndex = 1; lastKnownFileType = sourcecode.swift; path = HomeModuleInput.swift; sourceTree = "<group>"; };
		2B9C9CA793F2540944125ADE /* Pods-EasyNoti.debug.xcconfig */ = {isa = PBXFileReference; includeInIndex = 1; lastKnownFileType = text.xcconfig; name = "Pods-EasyNoti.debug.xcconfig"; path = "Target Support Files/Pods-EasyNoti/Pods-EasyNoti.debug.xcconfig"; sourceTree = "<group>"; };
		501D490102880C42565A940F /* HomeViewTests.swift */ = {isa = PBXFileReference; includeInIndex = 1; lastKnownFileType = sourcecode.swift; path = HomeViewTests.swift; sourceTree = "<group>"; };
		6DE4E6D0D1E2271D083A9E3B /* HomeInteractorTests.swift */ = {isa = PBXFileReference; includeInIndex = 1; lastKnownFileType = sourcecode.swift; path = HomeInteractorTests.swift; sourceTree = "<group>"; };
		876F4C31482C5E1411AABC28 /* HomeViewInput.swift */ = {isa = PBXFileReference; includeInIndex = 1; lastKnownFileType = sourcecode.swift; path = HomeViewInput.swift; sourceTree = "<group>"; };
		A68401CE486AD8C5AE74D96C /* HomeConfigurator.swift */ = {isa = PBXFileReference; includeInIndex = 1; lastKnownFileType = sourcecode.swift; path = HomeConfigurator.swift; sourceTree = "<group>"; };
		ACDC44D9760EE822D3869E88 /* HomeRouterInput.swift */ = {isa = PBXFileReference; includeInIndex = 1; lastKnownFileType = sourcecode.swift; path = HomeRouterInput.swift; sourceTree = "<group>"; };
		AD3EA6412157B4F451851624 /* HomePresenter.swift */ = {isa = PBXFileReference; includeInIndex = 1; lastKnownFileType = sourcecode.swift; path = HomePresenter.swift; sourceTree = "<group>"; };
		B2A3E8B2B9EDF4004577C8DC /* Pods-EasyNoti.release.xcconfig */ = {isa = PBXFileReference; includeInIndex = 1; lastKnownFileType = text.xcconfig; name = "Pods-EasyNoti.release.xcconfig"; path = "Target Support Files/Pods-EasyNoti/Pods-EasyNoti.release.xcconfig"; sourceTree = "<group>"; };
		B313EAE6291D258DF194471B /* HomeViewController.swift */ = {isa = PBXFileReference; includeInIndex = 1; lastKnownFileType = sourcecode.swift; path = HomeViewController.swift; sourceTree = "<group>"; };
		C7A022594F09B6EE5BA9D19D /* HomePresenterTests.swift */ = {isa = PBXFileReference; includeInIndex = 1; lastKnownFileType = sourcecode.swift; path = HomePresenterTests.swift; sourceTree = "<group>"; };
		DB084CEFF87ECEC8FFF166AE /* HomeConfiguratorTests.swift */ = {isa = PBXFileReference; includeInIndex = 1; lastKnownFileType = sourcecode.swift; path = HomeConfiguratorTests.swift; sourceTree = "<group>"; };
		F56B7B6924D0AB6D00C4F946 /* EasyNoti.app */ = {isa = PBXFileReference; explicitFileType = wrapper.application; includeInIndex = 0; path = EasyNoti.app; sourceTree = BUILT_PRODUCTS_DIR; };
		F56B7B6C24D0AB6D00C4F946 /* AppDelegate.swift */ = {isa = PBXFileReference; lastKnownFileType = sourcecode.swift; path = AppDelegate.swift; sourceTree = "<group>"; };
		F56B7B6E24D0AB6D00C4F946 /* SceneDelegate.swift */ = {isa = PBXFileReference; lastKnownFileType = sourcecode.swift; path = SceneDelegate.swift; sourceTree = "<group>"; };
		F56B7B7024D0AB6D00C4F946 /* ViewController.swift */ = {isa = PBXFileReference; lastKnownFileType = sourcecode.swift; path = ViewController.swift; sourceTree = "<group>"; };
		F56B7B7624D0AB6D00C4F946 /* EasyNoti.xcdatamodel */ = {isa = PBXFileReference; lastKnownFileType = wrapper.xcdatamodel; path = EasyNoti.xcdatamodel; sourceTree = "<group>"; };
		F56B7B7824D0AB7000C4F946 /* Assets.xcassets */ = {isa = PBXFileReference; lastKnownFileType = folder.assetcatalog; path = Assets.xcassets; sourceTree = "<group>"; };
		F56B7B7B24D0AB7000C4F946 /* Base */ = {isa = PBXFileReference; lastKnownFileType = file.storyboard; name = Base; path = Base.lproj/LaunchScreen.storyboard; sourceTree = "<group>"; };
		F56B7B7D24D0AB7000C4F946 /* Info.plist */ = {isa = PBXFileReference; lastKnownFileType = text.plist.xml; path = Info.plist; sourceTree = "<group>"; };
		F56B7B8224D0AB7000C4F946 /* EasyNotiTests.xctest */ = {isa = PBXFileReference; explicitFileType = wrapper.cfbundle; includeInIndex = 0; path = EasyNotiTests.xctest; sourceTree = BUILT_PRODUCTS_DIR; };
		F56B7B8624D0AB7000C4F946 /* EasyNotiTests.swift */ = {isa = PBXFileReference; lastKnownFileType = sourcecode.swift; path = EasyNotiTests.swift; sourceTree = "<group>"; };
		F56B7B8824D0AB7000C4F946 /* Info.plist */ = {isa = PBXFileReference; lastKnownFileType = text.plist.xml; path = Info.plist; sourceTree = "<group>"; };
		F56B7B8D24D0AB7000C4F946 /* EasyNotiUITests.xctest */ = {isa = PBXFileReference; explicitFileType = wrapper.cfbundle; includeInIndex = 0; path = EasyNotiUITests.xctest; sourceTree = BUILT_PRODUCTS_DIR; };
		F56B7B9124D0AB7000C4F946 /* EasyNotiUITests.swift */ = {isa = PBXFileReference; lastKnownFileType = sourcecode.swift; path = EasyNotiUITests.swift; sourceTree = "<group>"; };
		F56B7B9324D0AB7000C4F946 /* Info.plist */ = {isa = PBXFileReference; lastKnownFileType = text.plist.xml; path = Info.plist; sourceTree = "<group>"; };
		F583732624D37E2200C00A98 /* Home */ = {isa = PBXFileReference; lastKnownFileType = folder; path = Home; sourceTree = "<group>"; };
		F852496133F6FE709129BC13 /* HomeInteractorInput.swift */ = {isa = PBXFileReference; includeInIndex = 1; lastKnownFileType = sourcecode.swift; path = HomeInteractorInput.swift; sourceTree = "<group>"; };
		FA0A53F433E6A7850B72A62E /* HomeInteractor.swift */ = {isa = PBXFileReference; includeInIndex = 1; lastKnownFileType = sourcecode.swift; path = HomeInteractor.swift; sourceTree = "<group>"; };
		FCB998CB77A0C1808CF6D01A /* Pods_EasyNoti.framework */ = {isa = PBXFileReference; explicitFileType = wrapper.framework; includeInIndex = 0; path = Pods_EasyNoti.framework; sourceTree = BUILT_PRODUCTS_DIR; };
/* End PBXFileReference section */

/* Begin PBXFrameworksBuildPhase section */
		F56B7B6624D0AB6D00C4F946 /* Frameworks */ = {
			isa = PBXFrameworksBuildPhase;
			buildActionMask = 2147483647;
			files = (
				6F5C2124E459FDA9C72F3EC8 /* Pods_EasyNoti.framework in Frameworks */,
			);
			runOnlyForDeploymentPostprocessing = 0;
		};
		F56B7B7F24D0AB7000C4F946 /* Frameworks */ = {
			isa = PBXFrameworksBuildPhase;
			buildActionMask = 2147483647;
			files = (
			);
			runOnlyForDeploymentPostprocessing = 0;
		};
		F56B7B8A24D0AB7000C4F946 /* Frameworks */ = {
			isa = PBXFrameworksBuildPhase;
			buildActionMask = 2147483647;
			files = (
			);
			runOnlyForDeploymentPostprocessing = 0;
		};
/* End PBXFrameworksBuildPhase section */

/* Begin PBXGroup section */
		0A2D5E4E02EA44D9A796D29C /* Router */ = {
			isa = PBXGroup;
			children = (
				035EF1638A170308CD2A4FEC /* HomeRouterTests.swift */,
			);
			path = Router;
			sourceTree = "<group>";
		};
		1791B49EDC3C7CB592E56A85 /* Pods */ = {
			isa = PBXGroup;
			children = (
				2B9C9CA793F2540944125ADE /* Pods-EasyNoti.debug.xcconfig */,
				B2A3E8B2B9EDF4004577C8DC /* Pods-EasyNoti.release.xcconfig */,
			);
			path = Pods;
			sourceTree = "<group>";
		};
		264301717B7534C2AC2ED5F9 /* View */ = {
			isa = PBXGroup;
			children = (
				501D490102880C42565A940F /* HomeViewTests.swift */,
			);
			path = View;
			sourceTree = "<group>";
		};
		28B324E4DE3E2B115BA9616C /* Interactor */ = {
			isa = PBXGroup;
			children = (
				6DE4E6D0D1E2271D083A9E3B /* HomeInteractorTests.swift */,
			);
			path = Interactor;
			sourceTree = "<group>";
		};
		39165B78DDE95B41A43B3C22 /* Interactor */ = {
			isa = PBXGroup;
			children = (
				F852496133F6FE709129BC13 /* HomeInteractorInput.swift */,
				1EF015C9E4D9EAA201B271A6 /* HomeInteractorOutput.swift */,
				FA0A53F433E6A7850B72A62E /* HomeInteractor.swift */,
			);
			path = Interactor;
			sourceTree = "<group>";
		};
		3FDB2B36D4D88E8C234098BE /* Home */ = {
			isa = PBXGroup;
			children = (
				D4EC5C484245CCE659D6BD32 /* View */,
				BA3D938AED9FD4B778891854 /* Presenter */,
				39165B78DDE95B41A43B3C22 /* Interactor */,
				7778B66FA8F98E6834DE6D1C /* Router */,
				88E7F377612DFA2062A34A68 /* Configurator */,
			);
			path = Home;
			sourceTree = "<group>";
		};
		43C0DAF883FD7955F2DBF239 /* Home */ = {
			isa = PBXGroup;
			children = (
				92DBB9DC13D85F4B541BBC7F /* Configurator */,
				264301717B7534C2AC2ED5F9 /* View */,
				28B324E4DE3E2B115BA9616C /* Interactor */,
				F629D173043C6F2FFCDE3EDA /* Presenter */,
				0A2D5E4E02EA44D9A796D29C /* Router */,
			);
			path = Home;
			sourceTree = "<group>";
		};
		7778B66FA8F98E6834DE6D1C /* Router */ = {
			isa = PBXGroup;
			children = (
				ACDC44D9760EE822D3869E88 /* HomeRouterInput.swift */,
				21A15580C6E79FC45F5665F4 /* HomeRouter.swift */,
			);
			path = Router;
			sourceTree = "<group>";
		};
		88E7F377612DFA2062A34A68 /* Configurator */ = {
			isa = PBXGroup;
			children = (
				A68401CE486AD8C5AE74D96C /* HomeConfigurator.swift */,
				1AD920A51E0F564CA701DB40 /* HomeInitializer.swift */,
			);
			path = Configurator;
			sourceTree = "<group>";
		};
		92DBB9DC13D85F4B541BBC7F /* Configurator */ = {
			isa = PBXGroup;
			children = (
				DB084CEFF87ECEC8FFF166AE /* HomeConfiguratorTests.swift */,
			);
			path = Configurator;
			sourceTree = "<group>";
		};
		BA3D938AED9FD4B778891854 /* Presenter */ = {
			isa = PBXGroup;
			children = (
				2559DAEB7FEF3C713CA61E24 /* HomeModuleInput.swift */,
				AD3EA6412157B4F451851624 /* HomePresenter.swift */,
			);
			path = Presenter;
			sourceTree = "<group>";
		};
		D4EC5C484245CCE659D6BD32 /* View */ = {
			isa = PBXGroup;
			children = (
				876F4C31482C5E1411AABC28 /* HomeViewInput.swift */,
				1F4ECFC07BEEE8796070AC9C /* HomeViewOutput.swift */,
				B313EAE6291D258DF194471B /* HomeViewController.swift */,
			);
			path = View;
			sourceTree = "<group>";
		};
		F42C07DA2FB5CAD80BCCC65F /* Frameworks */ = {
			isa = PBXGroup;
			children = (
				FCB998CB77A0C1808CF6D01A /* Pods_EasyNoti.framework */,
			);
			name = Frameworks;
			sourceTree = "<group>";
		};
		F56B7B6024D0AB6D00C4F946 = {
			isa = PBXGroup;
			children = (
				F56B7B6B24D0AB6D00C4F946 /* EasyNoti */,
				F56B7B8524D0AB7000C4F946 /* EasyNotiTests */,
				F56B7B9024D0AB7000C4F946 /* EasyNotiUITests */,
				F56B7B6A24D0AB6D00C4F946 /* Products */,
				1791B49EDC3C7CB592E56A85 /* Pods */,
				F42C07DA2FB5CAD80BCCC65F /* Frameworks */,
			);
			sourceTree = "<group>";
		};
		F56B7B6A24D0AB6D00C4F946 /* Products */ = {
			isa = PBXGroup;
			children = (
				F56B7B6924D0AB6D00C4F946 /* EasyNoti.app */,
				F56B7B8224D0AB7000C4F946 /* EasyNotiTests.xctest */,
				F56B7B8D24D0AB7000C4F946 /* EasyNotiUITests.xctest */,
			);
			name = Products;
			sourceTree = "<group>";
		};
		F56B7B6B24D0AB6D00C4F946 /* EasyNoti */ = {
			isa = PBXGroup;
			children = (
				F583730424D37BFB00C00A98 /* Modules */,
				F56B7B6C24D0AB6D00C4F946 /* AppDelegate.swift */,
				F56B7B6E24D0AB6D00C4F946 /* SceneDelegate.swift */,
				F56B7B7024D0AB6D00C4F946 /* ViewController.swift */,
				F56B7B7824D0AB7000C4F946 /* Assets.xcassets */,
				F56B7B7A24D0AB7000C4F946 /* LaunchScreen.storyboard */,
				F56B7B7D24D0AB7000C4F946 /* Info.plist */,
				F56B7B7524D0AB6D00C4F946 /* EasyNoti.xcdatamodeld */,
			);
			path = EasyNoti;
			sourceTree = "<group>";
		};
		F56B7B8524D0AB7000C4F946 /* EasyNotiTests */ = {
			isa = PBXGroup;
			children = (
				F583730524D37C0700C00A98 /* Cases */,
				F56B7B8624D0AB7000C4F946 /* EasyNotiTests.swift */,
				F56B7B8824D0AB7000C4F946 /* Info.plist */,
			);
			path = EasyNotiTests;
			sourceTree = "<group>";
		};
		F56B7B9024D0AB7000C4F946 /* EasyNotiUITests */ = {
			isa = PBXGroup;
			children = (
				F56B7B9124D0AB7000C4F946 /* EasyNotiUITests.swift */,
				F56B7B9324D0AB7000C4F946 /* Info.plist */,
			);
			path = EasyNotiUITests;
			sourceTree = "<group>";
		};
		F583730424D37BFB00C00A98 /* Modules */ = {
			isa = PBXGroup;
			children = (
				3FDB2B36D4D88E8C234098BE /* Home */,
			);
			path = Modules;
			sourceTree = "<group>";
		};
		F583730524D37C0700C00A98 /* Cases */ = {
			isa = PBXGroup;
			children = (
				F583732624D37E2200C00A98 /* Home */,
				43C0DAF883FD7955F2DBF239 /* Home */,
			);
			path = Cases;
			sourceTree = "<group>";
		};
		F629D173043C6F2FFCDE3EDA /* Presenter */ = {
			isa = PBXGroup;
			children = (
				C7A022594F09B6EE5BA9D19D /* HomePresenterTests.swift */,
			);
			path = Presenter;
			sourceTree = "<group>";
		};
/* End PBXGroup section */

/* Begin PBXNativeTarget section */
		F56B7B6824D0AB6D00C4F946 /* EasyNoti */ = {
			isa = PBXNativeTarget;
			buildConfigurationList = F56B7B9624D0AB7000C4F946 /* Build configuration list for PBXNativeTarget "EasyNoti" */;
			buildPhases = (
				7FC417CF71B69EAC24C37159 /* [CP] Check Pods Manifest.lock */,
				F56B7B6524D0AB6D00C4F946 /* Sources */,
				F56B7B6624D0AB6D00C4F946 /* Frameworks */,
				F56B7B6724D0AB6D00C4F946 /* Resources */,
				A9F0631168C81C3954468321 /* [CP] Embed Pods Frameworks */,
			);
			buildRules = (
			);
			dependencies = (
			);
			name = EasyNoti;
			productName = EasyNoti;
			productReference = F56B7B6924D0AB6D00C4F946 /* EasyNoti.app */;
			productType = "com.apple.product-type.application";
		};
		F56B7B8124D0AB7000C4F946 /* EasyNotiTests */ = {
			isa = PBXNativeTarget;
			buildConfigurationList = F56B7B9924D0AB7000C4F946 /* Build configuration list for PBXNativeTarget "EasyNotiTests" */;
			buildPhases = (
				F56B7B7E24D0AB7000C4F946 /* Sources */,
				F56B7B7F24D0AB7000C4F946 /* Frameworks */,
				F56B7B8024D0AB7000C4F946 /* Resources */,
			);
			buildRules = (
			);
			dependencies = (
				F56B7B8424D0AB7000C4F946 /* PBXTargetDependency */,
			);
			name = EasyNotiTests;
			productName = EasyNotiTests;
			productReference = F56B7B8224D0AB7000C4F946 /* EasyNotiTests.xctest */;
			productType = "com.apple.product-type.bundle.unit-test";
		};
		F56B7B8C24D0AB7000C4F946 /* EasyNotiUITests */ = {
			isa = PBXNativeTarget;
			buildConfigurationList = F56B7B9C24D0AB7000C4F946 /* Build configuration list for PBXNativeTarget "EasyNotiUITests" */;
			buildPhases = (
				F56B7B8924D0AB7000C4F946 /* Sources */,
				F56B7B8A24D0AB7000C4F946 /* Frameworks */,
				F56B7B8B24D0AB7000C4F946 /* Resources */,
			);
			buildRules = (
			);
			dependencies = (
				F56B7B8F24D0AB7000C4F946 /* PBXTargetDependency */,
			);
			name = EasyNotiUITests;
			productName = EasyNotiUITests;
			productReference = F56B7B8D24D0AB7000C4F946 /* EasyNotiUITests.xctest */;
			productType = "com.apple.product-type.bundle.ui-testing";
		};
/* End PBXNativeTarget section */

/* Begin PBXProject section */
		F56B7B6124D0AB6D00C4F946 /* Project object */ = {
			isa = PBXProject;
			attributes = {
				LastSwiftUpdateCheck = 1160;
				LastUpgradeCheck = 1160;
				ORGANIZATIONNAME = Dymm;
				TargetAttributes = {
					F56B7B6824D0AB6D00C4F946 = {
						CreatedOnToolsVersion = 11.6;
					};
					F56B7B8124D0AB7000C4F946 = {
						CreatedOnToolsVersion = 11.6;
						TestTargetID = F56B7B6824D0AB6D00C4F946;
					};
					F56B7B8C24D0AB7000C4F946 = {
						CreatedOnToolsVersion = 11.6;
						TestTargetID = F56B7B6824D0AB6D00C4F946;
					};
				};
			};
			buildConfigurationList = F56B7B6424D0AB6D00C4F946 /* Build configuration list for PBXProject "EasyNoti" */;
			compatibilityVersion = "Xcode 9.3";
			developmentRegion = en;
			hasScannedForEncodings = 0;
			knownRegions = (
				en,
				Base,
			);
			mainGroup = F56B7B6024D0AB6D00C4F946;
			productRefGroup = F56B7B6A24D0AB6D00C4F946 /* Products */;
			projectDirPath = "";
			projectRoot = "";
			targets = (
				F56B7B6824D0AB6D00C4F946 /* EasyNoti */,
				F56B7B8124D0AB7000C4F946 /* EasyNotiTests */,
				F56B7B8C24D0AB7000C4F946 /* EasyNotiUITests */,
			);
		};
/* End PBXProject section */

/* Begin PBXResourcesBuildPhase section */
		F56B7B6724D0AB6D00C4F946 /* Resources */ = {
			isa = PBXResourcesBuildPhase;
			buildActionMask = 2147483647;
			files = (
				F56B7B7C24D0AB7000C4F946 /* LaunchScreen.storyboard in Resources */,
				F56B7B7924D0AB7000C4F946 /* Assets.xcassets in Resources */,
			);
			runOnlyForDeploymentPostprocessing = 0;
		};
		F56B7B8024D0AB7000C4F946 /* Resources */ = {
			isa = PBXResourcesBuildPhase;
			buildActionMask = 2147483647;
			files = (
				F583732724D37E2200C00A98 /* Home in Resources */,
			);
			runOnlyForDeploymentPostprocessing = 0;
		};
		F56B7B8B24D0AB7000C4F946 /* Resources */ = {
			isa = PBXResourcesBuildPhase;
			buildActionMask = 2147483647;
			files = (
			);
			runOnlyForDeploymentPostprocessing = 0;
		};
/* End PBXResourcesBuildPhase section */

/* Begin PBXShellScriptBuildPhase section */
		7FC417CF71B69EAC24C37159 /* [CP] Check Pods Manifest.lock */ = {
			isa = PBXShellScriptBuildPhase;
			buildActionMask = 2147483647;
			files = (
			);
			inputFileListPaths = (
			);
			inputPaths = (
				"${PODS_PODFILE_DIR_PATH}/Podfile.lock",
				"${PODS_ROOT}/Manifest.lock",
			);
			name = "[CP] Check Pods Manifest.lock";
			outputFileListPaths = (
			);
			outputPaths = (
				"$(DERIVED_FILE_DIR)/Pods-EasyNoti-checkManifestLockResult.txt",
			);
			runOnlyForDeploymentPostprocessing = 0;
			shellPath = /bin/sh;
			shellScript = "diff \"${PODS_PODFILE_DIR_PATH}/Podfile.lock\" \"${PODS_ROOT}/Manifest.lock\" > /dev/null\nif [ $? != 0 ] ; then\n    # print error to STDERR\n    echo \"error: The sandbox is not in sync with the Podfile.lock. Run 'pod install' or update your CocoaPods installation.\" >&2\n    exit 1\nfi\n# This output is used by Xcode 'outputs' to avoid re-running this script phase.\necho \"SUCCESS\" > \"${SCRIPT_OUTPUT_FILE_0}\"\n";
			showEnvVarsInLog = 0;
		};
		A9F0631168C81C3954468321 /* [CP] Embed Pods Frameworks */ = {
			isa = PBXShellScriptBuildPhase;
			buildActionMask = 2147483647;
			files = (
			);
			inputFileListPaths = (
				"${PODS_ROOT}/Target Support Files/Pods-EasyNoti/Pods-EasyNoti-frameworks-${CONFIGURATION}-input-files.xcfilelist",
			);
			name = "[CP] Embed Pods Frameworks";
			outputFileListPaths = (
				"${PODS_ROOT}/Target Support Files/Pods-EasyNoti/Pods-EasyNoti-frameworks-${CONFIGURATION}-output-files.xcfilelist",
			);
			runOnlyForDeploymentPostprocessing = 0;
			shellPath = /bin/sh;
			shellScript = "\"${PODS_ROOT}/Target Support Files/Pods-EasyNoti/Pods-EasyNoti-frameworks.sh\"\n";
			showEnvVarsInLog = 0;
		};
/* End PBXShellScriptBuildPhase section */

/* Begin PBXSourcesBuildPhase section */
		F56B7B6524D0AB6D00C4F946 /* Sources */ = {
			isa = PBXSourcesBuildPhase;
			buildActionMask = 2147483647;
			files = (
				F56B7B7124D0AB6D00C4F946 /* ViewController.swift in Sources */,
				F56B7B7724D0AB6D00C4F946 /* EasyNoti.xcdatamodeld in Sources */,
				F56B7B6D24D0AB6D00C4F946 /* AppDelegate.swift in Sources */,
				F56B7B6F24D0AB6D00C4F946 /* SceneDelegate.swift in Sources */,
				598AEF46648A329D339E8831 /* HomeViewInput.swift in Sources */,
				39C951C3981C1EC8768692A2 /* HomeViewOutput.swift in Sources */,
				BC9B3A53F5C207459F33EE44 /* HomeViewController.swift in Sources */,
				0755A5C74355ED2E7D34BB94 /* HomeModuleInput.swift in Sources */,
				82CF0019283B524080C8F295 /* HomePresenter.swift in Sources */,
				9CD090010FF3A9D7265DB994 /* HomeInteractorInput.swift in Sources */,
				90E270B5D8BE34A3B97F66E9 /* HomeInteractorOutput.swift in Sources */,
				E70E8068CB082C472FB3A56E /* HomeInteractor.swift in Sources */,
				9E967EB7DCE2557E221A0D7A /* HomeRouterInput.swift in Sources */,
				B1BB9A8F4EE15E6534576B63 /* HomeRouter.swift in Sources */,
				42A41DD78F4428088193AC8F /* HomeConfigurator.swift in Sources */,
				BE9F5C1AE6C55844AC339657 /* HomeInitializer.swift in Sources */,
			);
			runOnlyForDeploymentPostprocessing = 0;
		};
		F56B7B7E24D0AB7000C4F946 /* Sources */ = {
			isa = PBXSourcesBuildPhase;
			buildActionMask = 2147483647;
			files = (
				F56B7B8724D0AB7000C4F946 /* EasyNotiTests.swift in Sources */,
				153231A1A07B6E2BAD82E1FC /* HomeConfiguratorTests.swift in Sources */,
				3DD69D853ACC3A73452B8241 /* HomeViewTests.swift in Sources */,
				FD0C1062244075DBEF709E49 /* HomeInteractorTests.swift in Sources */,
				DA942183AB84A8E20D08903C /* HomePresenterTests.swift in Sources */,
				F31FBCA3756464A7F244FD8E /* HomeRouterTests.swift in Sources */,
			);
			runOnlyForDeploymentPostprocessing = 0;
		};
		F56B7B8924D0AB7000C4F946 /* Sources */ = {
			isa = PBXSourcesBuildPhase;
			buildActionMask = 2147483647;
			files = (
				F56B7B9224D0AB7000C4F946 /* EasyNotiUITests.swift in Sources */,
			);
			runOnlyForDeploymentPostprocessing = 0;
		};
/* End PBXSourcesBuildPhase section */

/* Begin PBXTargetDependency section */
		F56B7B8424D0AB7000C4F946 /* PBXTargetDependency */ = {
			isa = PBXTargetDependency;
			target = F56B7B6824D0AB6D00C4F946 /* EasyNoti */;
			targetProxy = F56B7B8324D0AB7000C4F946 /* PBXContainerItemProxy */;
		};
		F56B7B8F24D0AB7000C4F946 /* PBXTargetDependency */ = {
			isa = PBXTargetDependency;
			target = F56B7B6824D0AB6D00C4F946 /* EasyNoti */;
			targetProxy = F56B7B8E24D0AB7000C4F946 /* PBXContainerItemProxy */;
		};
/* End PBXTargetDependency section */

/* Begin PBXVariantGroup section */
		F56B7B7A24D0AB7000C4F946 /* LaunchScreen.storyboard */ = {
			isa = PBXVariantGroup;
			children = (
				F56B7B7B24D0AB7000C4F946 /* Base */,
			);
			name = LaunchScreen.storyboard;
			sourceTree = "<group>";
		};
/* End PBXVariantGroup section */

/* Begin XCBuildConfiguration section */
		F56B7B9424D0AB7000C4F946 /* Debug */ = {
			isa = XCBuildConfiguration;
			buildSettings = {
				ALWAYS_SEARCH_USER_PATHS = NO;
				CLANG_ANALYZER_NONNULL = YES;
				CLANG_ANALYZER_NUMBER_OBJECT_CONVERSION = YES_AGGRESSIVE;
				CLANG_CXX_LANGUAGE_STANDARD = "gnu++14";
				CLANG_CXX_LIBRARY = "libc++";
				CLANG_ENABLE_MODULES = YES;
				CLANG_ENABLE_OBJC_ARC = YES;
				CLANG_ENABLE_OBJC_WEAK = YES;
				CLANG_WARN_BLOCK_CAPTURE_AUTORELEASING = YES;
				CLANG_WARN_BOOL_CONVERSION = YES;
				CLANG_WARN_COMMA = YES;
				CLANG_WARN_CONSTANT_CONVERSION = YES;
				CLANG_WARN_DEPRECATED_OBJC_IMPLEMENTATIONS = YES;
				CLANG_WARN_DIRECT_OBJC_ISA_USAGE = YES_ERROR;
				CLANG_WARN_DOCUMENTATION_COMMENTS = YES;
				CLANG_WARN_EMPTY_BODY = YES;
				CLANG_WARN_ENUM_CONVERSION = YES;
				CLANG_WARN_INFINITE_RECURSION = YES;
				CLANG_WARN_INT_CONVERSION = YES;
				CLANG_WARN_NON_LITERAL_NULL_CONVERSION = YES;
				CLANG_WARN_OBJC_IMPLICIT_RETAIN_SELF = YES;
				CLANG_WARN_OBJC_LITERAL_CONVERSION = YES;
				CLANG_WARN_OBJC_ROOT_CLASS = YES_ERROR;
				CLANG_WARN_RANGE_LOOP_ANALYSIS = YES;
				CLANG_WARN_STRICT_PROTOTYPES = YES;
				CLANG_WARN_SUSPICIOUS_MOVE = YES;
				CLANG_WARN_UNGUARDED_AVAILABILITY = YES_AGGRESSIVE;
				CLANG_WARN_UNREACHABLE_CODE = YES;
				CLANG_WARN__DUPLICATE_METHOD_MATCH = YES;
				COPY_PHASE_STRIP = NO;
				DEBUG_INFORMATION_FORMAT = dwarf;
				ENABLE_STRICT_OBJC_MSGSEND = YES;
				ENABLE_TESTABILITY = YES;
				GCC_C_LANGUAGE_STANDARD = gnu11;
				GCC_DYNAMIC_NO_PIC = NO;
				GCC_NO_COMMON_BLOCKS = YES;
				GCC_OPTIMIZATION_LEVEL = 0;
				GCC_PREPROCESSOR_DEFINITIONS = (
					"DEBUG=1",
					"$(inherited)",
				);
				GCC_WARN_64_TO_32_BIT_CONVERSION = YES;
				GCC_WARN_ABOUT_RETURN_TYPE = YES_ERROR;
				GCC_WARN_UNDECLARED_SELECTOR = YES;
				GCC_WARN_UNINITIALIZED_AUTOS = YES_AGGRESSIVE;
				GCC_WARN_UNUSED_FUNCTION = YES;
				GCC_WARN_UNUSED_VARIABLE = YES;
				IPHONEOS_DEPLOYMENT_TARGET = 13.6;
				MTL_ENABLE_DEBUG_INFO = INCLUDE_SOURCE;
				MTL_FAST_MATH = YES;
				ONLY_ACTIVE_ARCH = YES;
				SDKROOT = iphoneos;
				SWIFT_ACTIVE_COMPILATION_CONDITIONS = DEBUG;
				SWIFT_OPTIMIZATION_LEVEL = "-Onone";
			};
			name = Debug;
		};
		F56B7B9524D0AB7000C4F946 /* Release */ = {
			isa = XCBuildConfiguration;
			buildSettings = {
				ALWAYS_SEARCH_USER_PATHS = NO;
				CLANG_ANALYZER_NONNULL = YES;
				CLANG_ANALYZER_NUMBER_OBJECT_CONVERSION = YES_AGGRESSIVE;
				CLANG_CXX_LANGUAGE_STANDARD = "gnu++14";
				CLANG_CXX_LIBRARY = "libc++";
				CLANG_ENABLE_MODULES = YES;
				CLANG_ENABLE_OBJC_ARC = YES;
				CLANG_ENABLE_OBJC_WEAK = YES;
				CLANG_WARN_BLOCK_CAPTURE_AUTORELEASING = YES;
				CLANG_WARN_BOOL_CONVERSION = YES;
				CLANG_WARN_COMMA = YES;
				CLANG_WARN_CONSTANT_CONVERSION = YES;
				CLANG_WARN_DEPRECATED_OBJC_IMPLEMENTATIONS = YES;
				CLANG_WARN_DIRECT_OBJC_ISA_USAGE = YES_ERROR;
				CLANG_WARN_DOCUMENTATION_COMMENTS = YES;
				CLANG_WARN_EMPTY_BODY = YES;
				CLANG_WARN_ENUM_CONVERSION = YES;
				CLANG_WARN_INFINITE_RECURSION = YES;
				CLANG_WARN_INT_CONVERSION = YES;
				CLANG_WARN_NON_LITERAL_NULL_CONVERSION = YES;
				CLANG_WARN_OBJC_IMPLICIT_RETAIN_SELF = YES;
				CLANG_WARN_OBJC_LITERAL_CONVERSION = YES;
				CLANG_WARN_OBJC_ROOT_CLASS = YES_ERROR;
				CLANG_WARN_RANGE_LOOP_ANALYSIS = YES;
				CLANG_WARN_STRICT_PROTOTYPES = YES;
				CLANG_WARN_SUSPICIOUS_MOVE = YES;
				CLANG_WARN_UNGUARDED_AVAILABILITY = YES_AGGRESSIVE;
				CLANG_WARN_UNREACHABLE_CODE = YES;
				CLANG_WARN__DUPLICATE_METHOD_MATCH = YES;
				COPY_PHASE_STRIP = NO;
				DEBUG_INFORMATION_FORMAT = "dwarf-with-dsym";
				ENABLE_NS_ASSERTIONS = NO;
				ENABLE_STRICT_OBJC_MSGSEND = YES;
				GCC_C_LANGUAGE_STANDARD = gnu11;
				GCC_NO_COMMON_BLOCKS = YES;
				GCC_WARN_64_TO_32_BIT_CONVERSION = YES;
				GCC_WARN_ABOUT_RETURN_TYPE = YES_ERROR;
				GCC_WARN_UNDECLARED_SELECTOR = YES;
				GCC_WARN_UNINITIALIZED_AUTOS = YES_AGGRESSIVE;
				GCC_WARN_UNUSED_FUNCTION = YES;
				GCC_WARN_UNUSED_VARIABLE = YES;
				IPHONEOS_DEPLOYMENT_TARGET = 13.6;
				MTL_ENABLE_DEBUG_INFO = NO;
				MTL_FAST_MATH = YES;
				SDKROOT = iphoneos;
				SWIFT_COMPILATION_MODE = wholemodule;
				SWIFT_OPTIMIZATION_LEVEL = "-O";
				VALIDATE_PRODUCT = YES;
			};
			name = Release;
		};
		F56B7B9724D0AB7000C4F946 /* Debug */ = {
			isa = XCBuildConfiguration;
			baseConfigurationReference = 2B9C9CA793F2540944125ADE /* Pods-EasyNoti.debug.xcconfig */;
			buildSettings = {
				ASSETCATALOG_COMPILER_APPICON_NAME = AppIcon;
				CODE_SIGN_STYLE = Automatic;
				DEVELOPMENT_TEAM = G99VW8TP32;
				INFOPLIST_FILE = EasyNoti/Info.plist;
				LD_RUNPATH_SEARCH_PATHS = (
					"$(inherited)",
					"@executable_path/Frameworks",
				);
				MARKETING_VERSION = 1.0.0;
				PRODUCT_BUNDLE_IDENTIFIER = io.dymm.EasyNoti;
				PRODUCT_NAME = "$(TARGET_NAME)";
				SWIFT_VERSION = 5.0;
				TARGETED_DEVICE_FAMILY = "1,2";
			};
			name = Debug;
		};
		F56B7B9824D0AB7000C4F946 /* Release */ = {
			isa = XCBuildConfiguration;
			baseConfigurationReference = B2A3E8B2B9EDF4004577C8DC /* Pods-EasyNoti.release.xcconfig */;
			buildSettings = {
				ASSETCATALOG_COMPILER_APPICON_NAME = AppIcon;
				CODE_SIGN_STYLE = Automatic;
				DEVELOPMENT_TEAM = G99VW8TP32;
				INFOPLIST_FILE = EasyNoti/Info.plist;
				LD_RUNPATH_SEARCH_PATHS = (
					"$(inherited)",
					"@executable_path/Frameworks",
				);
				MARKETING_VERSION = 1.0.0;
				PRODUCT_BUNDLE_IDENTIFIER = io.dymm.EasyNoti;
				PRODUCT_NAME = "$(TARGET_NAME)";
				SWIFT_VERSION = 5.0;
				TARGETED_DEVICE_FAMILY = "1,2";
			};
			name = Release;
		};
		F56B7B9A24D0AB7000C4F946 /* Debug */ = {
			isa = XCBuildConfiguration;
			buildSettings = {
				ALWAYS_EMBED_SWIFT_STANDARD_LIBRARIES = YES;
				BUNDLE_LOADER = "$(TEST_HOST)";
				CODE_SIGN_STYLE = Automatic;
				DEVELOPMENT_TEAM = G99VW8TP32;
				INFOPLIST_FILE = EasyNotiTests/Info.plist;
				IPHONEOS_DEPLOYMENT_TARGET = 13.6;
				LD_RUNPATH_SEARCH_PATHS = (
					"$(inherited)",
					"@executable_path/Frameworks",
					"@loader_path/Frameworks",
				);
				PRODUCT_BUNDLE_IDENTIFIER = io.dymm.EasyNotiTests;
				PRODUCT_NAME = "$(TARGET_NAME)";
				SWIFT_VERSION = 5.0;
				TARGETED_DEVICE_FAMILY = "1,2";
				TEST_HOST = "$(BUILT_PRODUCTS_DIR)/EasyNoti.app/EasyNoti";
			};
			name = Debug;
		};
		F56B7B9B24D0AB7000C4F946 /* Release */ = {
			isa = XCBuildConfiguration;
			buildSettings = {
				ALWAYS_EMBED_SWIFT_STANDARD_LIBRARIES = YES;
				BUNDLE_LOADER = "$(TEST_HOST)";
				CODE_SIGN_STYLE = Automatic;
				DEVELOPMENT_TEAM = G99VW8TP32;
				INFOPLIST_FILE = EasyNotiTests/Info.plist;
				IPHONEOS_DEPLOYMENT_TARGET = 13.6;
				LD_RUNPATH_SEARCH_PATHS = (
					"$(inherited)",
					"@executable_path/Frameworks",
					"@loader_path/Frameworks",
				);
				PRODUCT_BUNDLE_IDENTIFIER = io.dymm.EasyNotiTests;
				PRODUCT_NAME = "$(TARGET_NAME)";
				SWIFT_VERSION = 5.0;
				TARGETED_DEVICE_FAMILY = "1,2";
				TEST_HOST = "$(BUILT_PRODUCTS_DIR)/EasyNoti.app/EasyNoti";
			};
			name = Release;
		};
		F56B7B9D24D0AB7000C4F946 /* Debug */ = {
			isa = XCBuildConfiguration;
			buildSettings = {
				ALWAYS_EMBED_SWIFT_STANDARD_LIBRARIES = YES;
				CODE_SIGN_STYLE = Automatic;
				DEVELOPMENT_TEAM = G99VW8TP32;
				INFOPLIST_FILE = EasyNotiUITests/Info.plist;
				LD_RUNPATH_SEARCH_PATHS = (
					"$(inherited)",
					"@executable_path/Frameworks",
					"@loader_path/Frameworks",
				);
				PRODUCT_BUNDLE_IDENTIFIER = io.dymm.EasyNotiUITests;
				PRODUCT_NAME = "$(TARGET_NAME)";
				SWIFT_VERSION = 5.0;
				TARGETED_DEVICE_FAMILY = "1,2";
				TEST_TARGET_NAME = EasyNoti;
			};
			name = Debug;
		};
		F56B7B9E24D0AB7000C4F946 /* Release */ = {
			isa = XCBuildConfiguration;
			buildSettings = {
				ALWAYS_EMBED_SWIFT_STANDARD_LIBRARIES = YES;
				CODE_SIGN_STYLE = Automatic;
				DEVELOPMENT_TEAM = G99VW8TP32;
				INFOPLIST_FILE = EasyNotiUITests/Info.plist;
				LD_RUNPATH_SEARCH_PATHS = (
					"$(inherited)",
					"@executable_path/Frameworks",
					"@loader_path/Frameworks",
				);
				PRODUCT_BUNDLE_IDENTIFIER = io.dymm.EasyNotiUITests;
				PRODUCT_NAME = "$(TARGET_NAME)";
				SWIFT_VERSION = 5.0;
				TARGETED_DEVICE_FAMILY = "1,2";
				TEST_TARGET_NAME = EasyNoti;
			};
			name = Release;
		};
/* End XCBuildConfiguration section */

/* Begin XCConfigurationList section */
		F56B7B6424D0AB6D00C4F946 /* Build configuration list for PBXProject "EasyNoti" */ = {
			isa = XCConfigurationList;
			buildConfigurations = (
				F56B7B9424D0AB7000C4F946 /* Debug */,
				F56B7B9524D0AB7000C4F946 /* Release */,
			);
			defaultConfigurationIsVisible = 0;
			defaultConfigurationName = Release;
		};
		F56B7B9624D0AB7000C4F946 /* Build configuration list for PBXNativeTarget "EasyNoti" */ = {
			isa = XCConfigurationList;
			buildConfigurations = (
				F56B7B9724D0AB7000C4F946 /* Debug */,
				F56B7B9824D0AB7000C4F946 /* Release */,
			);
			defaultConfigurationIsVisible = 0;
			defaultConfigurationName = Release;
		};
		F56B7B9924D0AB7000C4F946 /* Build configuration list for PBXNativeTarget "EasyNotiTests" */ = {
			isa = XCConfigurationList;
			buildConfigurations = (
				F56B7B9A24D0AB7000C4F946 /* Debug */,
				F56B7B9B24D0AB7000C4F946 /* Release */,
			);
			defaultConfigurationIsVisible = 0;
			defaultConfigurationName = Release;
		};
		F56B7B9C24D0AB7000C4F946 /* Build configuration list for PBXNativeTarget "EasyNotiUITests" */ = {
			isa = XCConfigurationList;
			buildConfigurations = (
				F56B7B9D24D0AB7000C4F946 /* Debug */,
				F56B7B9E24D0AB7000C4F946 /* Release */,
			);
			defaultConfigurationIsVisible = 0;
			defaultConfigurationName = Release;
		};
/* End XCConfigurationList section */

/* Begin XCVersionGroup section */
		F56B7B7524D0AB6D00C4F946 /* EasyNoti.xcdatamodeld */ = {
			isa = XCVersionGroup;
			children = (
				F56B7B7624D0AB6D00C4F946 /* EasyNoti.xcdatamodel */,
			);
			currentVersion = F56B7B7624D0AB6D00C4F946 /* EasyNoti.xcdatamodel */;
			path = EasyNoti.xcdatamodeld;
			sourceTree = "<group>";
			versionGroupType = wrapper.xcdatamodel;
		};
/* End XCVersionGroup section */
	};
	rootObject = F56B7B6124D0AB6D00C4F946 /* Project object */;
}
